PODS:
  - Nimble (8.0.4)
  - PrettyString (0.1.2)
  - Quick (2.2.0)

DEPENDENCIES:
  - Nimble (~> 8.0.4)
  - PrettyString (from `../`)
  - Quick (~> 2.2.0)

SPEC REPOS:
  trunk:
    - Nimble
    - Quick

EXTERNAL SOURCES:
  PrettyString:
    :path: "../"

SPEC CHECKSUMS:
  Nimble: 18d5360282923225d62b09d781f63abc1a0111fc
  PrettyString: 8c12b0bfc0517f56d5b022fdf25a19b5faa0b54c
  Quick: 7fb19e13be07b5dfb3b90d4f9824c855a11af40e

PODFILE CHECKSUM: bad76ae7525273a7b32513877e69c8b546438937

COCOAPODS: 1.8.3
